-----BEGIN RSA PRIVATE KEY-----
Proc-Type: 4,ENCRYPTED
DEK-Info: AES-256-CBC,B611BA3200FF059819009905F25A1CB0

LklKSiiSmIxEBB9HWqZRucvfcUD4XnY0X6sKPtQSZ+a/k1PxoL1IJ/cA2VAkGR28
tL2n2NxKE8+ZnGjyf4RGV/989V7J/ujnO1iRRndfoOb0smfV/PssPFV+CfVFPyWy
dyLwn45oo6opjYr54L26oSNjiujgBSpZTjSPstAod5rH8SSNsuMo5QkLtzMoJNh1
a1JfX4+d1nfj0VvDrR/cTlTiH76UN2TB5NO8xu9vxgJBxwYlX68sd+8yC5WS9Vu8
rTXchuZwLwoqTuP+yoH8pyuZGehKE2xdOPPvJ1McdCL9SEzgDVeiOFToseT6wd02
t7xjuKqezS0uuAbkWew1FX7Qr+tdst4Jkag3I7ZLQoTFomXZL6KvBfUusfSFqsCU
3tcRL+/uZZ0TEf5SwxBPUexQjs22dUyXB5PI+aH2z/bQ1o+utIjXCsaIUNVh4Y7A
2v/4GNPj28Se4jb1b/BaZcA2wh0rqe9MTe/07TQUxKuorguESkQcAl2PWGI1SqS1
ACnSeh1RO08fwL/LpwxmoUR8qXlPMDw+W+CAwFOdbjkK8EAsOpYRYg8BgYoDLXPL
iioWvAkb5L2QpTuQkSupQEl3Nk8U4ANPstrBNJgWjSe11ZTMtJiZHUmN6NTzqigh
fpppgx79JSqLHBpEvhyPvH3EHlZyW+bkcUoghL6GIrs0g6pErGrifgt88tNUztdl
g2nRWOHjCYdUhGYb63+3HLI0+Tc0xHcRiAtfixJSfJuSEOkK0+PLqoDIo86uGKmU
0HJzUncmqiYpV23puJif0Z2G0o/RhRh2+1Z+pb8L1H0+DC21GnyjJkNC2Cc5ml7D
PXFlYTA7Lh9H6A4UYS35RSVBlu9KKZYOUTwGBhT/CVDpfRtHa1lbOR6m78yyDjX+
OOK/TdUuMLAw4pR7MTUZPYHUQ9e2PNzyZcmthbo03aeiIV5e2MzVUy6pSQn5dwoS
1BLs1JiXsdzcN3r/de4vqZ9tSc++yedML2/Sms6BihubeVyewrdzWfDvOOpz2m5K
VAJeN6wRwQzaZoSuBpXRrfP45l1UInk/w/psVZSBQzw/LIIxIQx1aHYeY4t/PELg
WryfNMUPHyptTOeNxrrCsdICg7NPMSWeAjvHU4dGyzS3vmV0eb7NKGy2yN87HXqg
HaF9MxaxcVhoqSnu5Jdbq6QXP1HPjyavgfPisOQ5tyLI35gK3Q+KFA/ZkSoOo768
uSn9kUWrUg2oF/lqGwKgbZQvWP8KMkMA5QAVQof98SOzbF5iAc5fm1yEr0vwlYP+
stqyVBw1GCPaQn9zI9VrunuRvyRdexy7JZwH3Sd0FOIM2SP/rr8nxUQH+iQu0CKr
2sHIxWnLp4veJOQ4tnMdaucEKcg9QfuBcddzo34w/GL3uskXHNJIwjuahuPwr30R
80bnrcf65nFeEAYKEouhkbnZ0uCvXIV2lsw40LBjovPkOFR45eBibGcycLS+HZTl
3LCgBgloDkiaTdXYRXAIK10leZSO/OWwMaEJZAHumGBISmc7SeoPiUv0sIwR8r3r
3Dm9q1zhtm5R1jm83cQR+kuoj8mw52ilmeqfIMNS2DpO4YiIy0lwoLqWUiu3bK1i
DGsnLzcvPdQI9UtTPaUSaYrF8CZiaMwgUZw7jqvhs7/KDKe5x4C5FQMzZ1WJFzvy
ZjTafzc7F2PWFUA5MhBiIkytyzQHOBMlaxrJl1c/zKsjobRHWuBVTiin2nS5T9vC
jbPFBMegojp7VAmOi47pobO1DpCC5eC8stXNdOuTN4UQMKl7RDnGe8FUdDJN672u
R9Emd6KvwxlnbVlukSnykRAf/fsb8Gv4TMSI1H9RMqLA0iIQ1mthlUfKJ66twDtG
PGTcmR77kkBpo9dTxk5eCZ4aTA0CRPQDaWUDapaTZGl9HbpjiX85JddTPXhtlcL2
4hGRxdyeKgyxyWIGcj5KMS3ckvhCWpp8sM6DKOaKCwjmWpwtF5PlH1ghXfPqPqkT
ttWD5gf3sU1z61MZG7hwSeUnjU5YHS/4y0UpMde2DFjHaQfUY7LWkjni0de1iSwk
qqnZ+Zld4ic5lAOMXgXxyZ7vObzJ9QO169x2Wyz6AQvmVHrGkSGC1RJZLqox11/E
bV/vUU3IUOCvRp087sKYuKN6z0Ztglo3ysptDotKl+nLCEcW4N0yj/Arup8bq+KF
nBnyFm09Nm1bE1CujTg3pFYkziYw5aXEU8hfLU1BbuNkHrCT0lrqme/4MpyJNmDG
4aUE+SrDSoMOm5SpJHXC5glplbcnu5jomBIyZcKziq+S+zTWylsMmAcchuQ93s3I
jZtc6tvX2KgpRy4xZRBSzoDkvq3eahzAOn+OSH+o1FrCpD1rpZxeCRzYA0vxDK1G
328O9Qd+DbueLlKlmv5AIhVuuVwA6C2pHSwx8u+/xMPp0xAnGss7NWwpEzyjEa7j
dCPBf0Qtby6ThodzSd1QMH+nCzoA1ysHQRbLxhAu8yVpxKT+TSpsHkvWTw4rXyyu
7sZU4roltFNhbXOz4fnL6A2F5nuVF/A12o/QiBo42CS7hskjXhKpTmzY4HxrZtFw
1vZQnJMik+yE9gMTBzrM1y6N8GOBW0avHIpeKYT2i2s5drzCAQ+Be7ZWfOXlVMDr
OlvFsKR0OeeelZQuPtH3Vd+l96vTkOz8BAQ37nFZnll+HEP+R59ukfmHtI+k544S
dmKYUPB68eZQJKPFV609Rh4j8JLjOIUtvIMy4MOXN73shfFUI+IAkl7l8vxjUM2F
OKL8ENL/Jyw2yFDcZUAiAX2WPREgYKDGSzrlZOogQUBHQXz7OZFPJmXI8fP1IEnf
1nBf0U/8kIY/PF1SOIysdtLFt5Mzn2sSVOZC8Isych+ovC0z5Aiy94lfaqLBtHh1
r2FneBKGzmsM5el/TNXL/j7NClyavLZy8/Sc8Q/++5Quwh2UNTmVMGCagAemN25U
oG855sEQaUsOQJjsnq4rZtEVTThRIm2irQIH2rKBzQ5idfAgehVo+uq5KedS5Qx+
ecAvAo08A3OmpAW7hkAM9cnwME7drm9GsT4Ag+16Zwaf8Cdk4tnN/pL19XwGvExp
TcN6VCpyB9b+d3uCWy7JBewVtl7PxORb2ap9KNOHcCKZWbHNkslpP5kfH9ey7qCZ
-----END RSA PRIVATE KEY-----
